// !$*UTF8*$!
{
	archiveVersion = 1;
	classes = {
	};
	objectVersion = 56;
	objects = {

/* Begin PBXBuildFile section */
		4944B5872AA35663005BFC62 /* WeatherView.swift in Sources */ = {isa = PBXBuildFile; fileRef = 4944B5862AA35663005BFC62 /* WeatherView.swift */; };
		4944B5892AA356DA005BFC62 /* ModelData.swift in Sources */ = {isa = PBXBuildFile; fileRef = 4944B5882AA356DA005BFC62 /* ModelData.swift */; };
		4944B58B2AA3573D005BFC62 /* weatherData.json in Resources */ = {isa = PBXBuildFile; fileRef = 4944B58A2AA3573D005BFC62 /* weatherData.json */; };
		4944B58D2AA3590A005BFC62 /* Extensions.swift in Sources */ = {isa = PBXBuildFile; fileRef = 4944B58C2AA3590A005BFC62 /* Extensions.swift */; };
		4944B5902AA36823005BFC62 /* WeatherRow.swift in Sources */ = {isa = PBXBuildFile; fileRef = 4944B58F2AA36823005BFC62 /* WeatherRow.swift */; };
		49A7338C2AA2168A00467F53 /* WeatherAppApp.swift in Sources */ = {isa = PBXBuildFile; fileRef = 49A7338B2AA2168A00467F53 /* WeatherAppApp.swift */; };
		49A7338E2AA2168A00467F53 /* ContentView.swift in Sources */ = {isa = PBXBuildFile; fileRef = 49A7338D2AA2168A00467F53 /* ContentView.swift */; };
		49A733902AA2168D00467F53 /* Assets.xcassets in Resources */ = {isa = PBXBuildFile; fileRef = 49A7338F2AA2168D00467F53 /* Assets.xcassets */; };
		49A733932AA2168D00467F53 /* Preview Assets.xcassets in Resources */ = {isa = PBXBuildFile; fileRef = 49A733922AA2168D00467F53 /* Preview Assets.xcassets */; };
		49A7339B2AA2171B00467F53 /* LocationManager.swift in Sources */ = {isa = PBXBuildFile; fileRef = 49A7339A2AA2171B00467F53 /* LocationManager.swift */; };
		49A7339E2AA2196A00467F53 /* WelcomeView.swift in Sources */ = {isa = PBXBuildFile; fileRef = 49A7339D2AA2196A00467F53 /* WelcomeView.swift */; };
		49A733A02AA21DF700467F53 /* LoadingView.swift in Sources */ = {isa = PBXBuildFile; fileRef = 49A7339F2AA21DF700467F53 /* LoadingView.swift */; };
		49A733A22AA22F1500467F53 /* WeatherManager.swift in Sources */ = {isa = PBXBuildFile; fileRef = 49A733A12AA22F1500467F53 /* WeatherManager.swift */; };
/* End PBXBuildFile section */

/* Begin PBXFileReference section */
		4944B5862AA35663005BFC62 /* WeatherView.swift */ = {isa = PBXFileReference; lastKnownFileType = sourcecode.swift; path = WeatherView.swift; sourceTree = "<group>"; };
		4944B5882AA356DA005BFC62 /* ModelData.swift */ = {isa = PBXFileReference; lastKnownFileType = sourcecode.swift; path = ModelData.swift; sourceTree = "<group>"; };
		4944B58A2AA3573D005BFC62 /* weatherData.json */ = {isa = PBXFileReference; lastKnownFileType = text.json; path = weatherData.json; sourceTree = "<group>"; };
		4944B58C2AA3590A005BFC62 /* Extensions.swift */ = {isa = PBXFileReference; lastKnownFileType = sourcecode.swift; path = Extensions.swift; sourceTree = "<group>"; };
		4944B58F2AA36823005BFC62 /* WeatherRow.swift */ = {isa = PBXFileReference; lastKnownFileType = sourcecode.swift; path = WeatherRow.swift; sourceTree = "<group>"; };
		49A733882AA2168A00467F53 /* WeatherApp.app */ = {isa = PBXFileReference; explicitFileType = wrapper.application; includeInIndex = 0; path = WeatherApp.app; sourceTree = BUILT_PRODUCTS_DIR; };
		49A7338B2AA2168A00467F53 /* WeatherAppApp.swift */ = {isa = PBXFileReference; lastKnownFileType = sourcecode.swift; path = WeatherAppApp.swift; sourceTree = "<group>"; };
		49A7338D2AA2168A00467F53 /* ContentView.swift */ = {isa = PBXFileReference; lastKnownFileType = sourcecode.swift; path = ContentView.swift; sourceTree = "<group>"; };
		49A7338F2AA2168D00467F53 /* Assets.xcassets */ = {isa = PBXFileReference; lastKnownFileType = folder.assetcatalog; path = Assets.xcassets; sourceTree = "<group>"; };
		49A733922AA2168D00467F53 /* Preview Assets.xcassets */ = {isa = PBXFileReference; lastKnownFileType = folder.assetcatalog; path = "Preview Assets.xcassets"; sourceTree = "<group>"; };
		49A7339A2AA2171B00467F53 /* LocationManager.swift */ = {isa = PBXFileReference; lastKnownFileType = sourcecode.swift; path = LocationManager.swift; sourceTree = "<group>"; };
		49A7339D2AA2196A00467F53 /* WelcomeView.swift */ = {isa = PBXFileReference; lastKnownFileType = sourcecode.swift; path = WelcomeView.swift; sourceTree = "<group>"; };
		49A7339F2AA21DF700467F53 /* LoadingView.swift */ = {isa = PBXFileReference; lastKnownFileType = sourcecode.swift; path = LoadingView.swift; sourceTree = "<group>"; };
		49A733A12AA22F1500467F53 /* WeatherManager.swift */ = {isa = PBXFileReference; lastKnownFileType = sourcecode.swift; path = WeatherManager.swift; sourceTree = "<group>"; };
/* End PBXFileReference section */

/* Begin PBXFrameworksBuildPhase section */
		49A733852AA2168A00467F53 /* Frameworks */ = {
			isa = PBXFrameworksBuildPhase;
			buildActionMask = 2147483647;
			files = (
			);
			runOnlyForDeploymentPostprocessing = 0;
		};
/* End PBXFrameworksBuildPhase section */

/* Begin PBXGroup section */
		4944B58E2AA36807005BFC62 /* Component */ = {
			isa = PBXGroup;
			children = (
				4944B58F2AA36823005BFC62 /* WeatherRow.swift */,
			);
			path = Component;
			sourceTree = "<group>";
		};
		49A7337F2AA2168A00467F53 = {
			isa = PBXGroup;
			children = (
				49A7338A2AA2168A00467F53 /* WeatherApp */,
				49A733892AA2168A00467F53 /* Products */,
			);
			sourceTree = "<group>";
		};
		49A733892AA2168A00467F53 /* Products */ = {
			isa = PBXGroup;
			children = (
				49A733882AA2168A00467F53 /* WeatherApp.app */,
			);
			name = Products;
			sourceTree = "<group>";
		};
		49A7338A2AA2168A00467F53 /* WeatherApp */ = {
			isa = PBXGroup;
			children = (
				4944B58E2AA36807005BFC62 /* Component */,
				49A7339C2AA218DC00467F53 /* Views */,
				49A733992AA216FB00467F53 /* Managers */,
				49A7338B2AA2168A00467F53 /* WeatherAppApp.swift */,
				4944B58C2AA3590A005BFC62 /* Extensions.swift */,
				49A7338F2AA2168D00467F53 /* Assets.xcassets */,
				49A733912AA2168D00467F53 /* Preview Content */,
			);
			path = WeatherApp;
			sourceTree = "<group>";
		};
		49A733912AA2168D00467F53 /* Preview Content */ = {
			isa = PBXGroup;
			children = (
				49A733922AA2168D00467F53 /* Preview Assets.xcassets */,
				4944B5882AA356DA005BFC62 /* ModelData.swift */,
				4944B58A2AA3573D005BFC62 /* weatherData.json */,
			);
			path = "Preview Content";
			sourceTree = "<group>";
		};
		49A733992AA216FB00467F53 /* Managers */ = {
			isa = PBXGroup;
			children = (
				49A7339A2AA2171B00467F53 /* LocationManager.swift */,
				49A733A12AA22F1500467F53 /* WeatherManager.swift */,
			);
			path = Managers;
			sourceTree = "<group>";
		};
		49A7339C2AA218DC00467F53 /* Views */ = {
			isa = PBXGroup;
			children = (
				49A7338D2AA2168A00467F53 /* ContentView.swift */,
				49A7339D2AA2196A00467F53 /* WelcomeView.swift */,
				49A7339F2AA21DF700467F53 /* LoadingView.swift */,
				4944B5862AA35663005BFC62 /* WeatherView.swift */,
			);
			path = Views;
			sourceTree = "<group>";
		};
/* End PBXGroup section */

/* Begin PBXNativeTarget section */
		49A733872AA2168A00467F53 /* WeatherApp */ = {
			isa = PBXNativeTarget;
			buildConfigurationList = 49A733962AA2168D00467F53 /* Build configuration list for PBXNativeTarget "WeatherApp" */;
			buildPhases = (
				49A733842AA2168A00467F53 /* Sources */,
				49A733852AA2168A00467F53 /* Frameworks */,
				49A733862AA2168A00467F53 /* Resources */,
			);
			buildRules = (
			);
			dependencies = (
			);
			name = WeatherApp;
			productName = WeatherApp;
			productReference = 49A733882AA2168A00467F53 /* WeatherApp.app */;
			productType = "com.apple.product-type.application";
		};
/* End PBXNativeTarget section */

/* Begin PBXProject section */
		49A733802AA2168A00467F53 /* Project object */ = {
			isa = PBXProject;
			attributes = {
				BuildIndependentTargetsInParallel = 1;
				LastSwiftUpdateCheck = 1430;
				LastUpgradeCheck = 1430;
				TargetAttributes = {
					49A733872AA2168A00467F53 = {
						CreatedOnToolsVersion = 14.3.1;
					};
				};
			};
			buildConfigurationList = 49A733832AA2168A00467F53 /* Build configuration list for PBXProject "WeatherApp" */;
			compatibilityVersion = "Xcode 14.0";
			developmentRegion = en;
			hasScannedForEncodings = 0;
			knownRegions = (
				en,
				Base,
			);
			mainGroup = 49A7337F2AA2168A00467F53;
			productRefGroup = 49A733892AA2168A00467F53 /* Products */;
			projectDirPath = "";
			projectRoot = "";
			targets = (
				49A733872AA2168A00467F53 /* WeatherApp */,
			);
		};
/* End PBXProject section */

/* Begin PBXResourcesBuildPhase section */
		49A733862AA2168A00467F53 /* Resources */ = {
			isa = PBXResourcesBuildPhase;
			buildActionMask = 2147483647;
			files = (
				49A733932AA2168D00467F53 /* Preview Assets.xcassets in Resources */,
				4944B58B2AA3573D005BFC62 /* weatherData.json in Resources */,
				49A733902AA2168D00467F53 /* Assets.xcassets in Resources */,
			);
			runOnlyForDeploymentPostprocessing = 0;
		};
/* End PBXResourcesBuildPhase section */

/* Begin PBXSourcesBuildPhase section */
		49A733842AA2168A00467F53 /* Sources */ = {
			isa = PBXSourcesBuildPhase;
			buildActionMask = 2147483647;
			files = (
				49A733A22AA22F1500467F53 /* WeatherManager.swift in Sources */,
				4944B58D2AA3590A005BFC62 /* Extensions.swift in Sources */,
				49A7338E2AA2168A00467F53 /* ContentView.swift in Sources */,
				49A7338C2AA2168A00467F53 /* WeatherAppApp.swift in Sources */,
				49A7339B2AA2171B00467F53 /* LocationManager.swift in Sources */,
				4944B5902AA36823005BFC62 /* WeatherRow.swift in Sources */,
				49A733A02AA21DF700467F53 /* LoadingView.swift in Sources */,
				4944B5892AA356DA005BFC62 /* ModelData.swift in Sources */,
				4944B5872AA35663005BFC62 /* WeatherView.swift in Sources */,
				49A7339E2AA2196A00467F53 /* WelcomeView.swift in Sources */,
			);
			runOnlyForDeploymentPostprocessing = 0;
		};
/* End PBXSourcesBuildPhase section */

/* Begin XCBuildConfiguration section */
		49A733942AA2168D00467F53 /* Debug */ = {
			isa = XCBuildConfiguration;
			buildSettings = {
				ALWAYS_SEARCH_USER_PATHS = NO;
				CLANG_ANALYZER_NONNULL = YES;
				CLANG_ANALYZER_NUMBER_OBJECT_CONVERSION = YES_AGGRESSIVE;
				CLANG_CXX_LANGUAGE_STANDARD = "gnu++20";
				CLANG_ENABLE_MODULES = YES;
				CLANG_ENABLE_OBJC_ARC = YES;
				CLANG_ENABLE_OBJC_WEAK = YES;
				CLANG_WARN_BLOCK_CAPTURE_AUTORELEASING = YES;
				CLANG_WARN_BOOL_CONVERSION = YES;
				CLANG_WARN_COMMA = YES;
				CLANG_WARN_CONSTANT_CONVERSION = YES;
				CLANG_WARN_DEPRECATED_OBJC_IMPLEMENTATIONS = YES;
				CLANG_WARN_DIRECT_OBJC_ISA_USAGE = YES_ERROR;
				CLANG_WARN_DOCUMENTATION_COMMENTS = YES;
				CLANG_WARN_EMPTY_BODY = YES;
				CLANG_WARN_ENUM_CONVERSION = YES;
				CLANG_WARN_INFINITE_RECURSION = YES;
				CLANG_WARN_INT_CONVERSION = YES;
				CLANG_WARN_NON_LITERAL_NULL_CONVERSION = YES;
				CLANG_WARN_OBJC_IMPLICIT_RETAIN_SELF = YES;
				CLANG_WARN_OBJC_LITERAL_CONVERSION = YES;
				CLANG_WARN_OBJC_ROOT_CLASS = YES_ERROR;
				CLANG_WARN_QUOTED_INCLUDE_IN_FRAMEWORK_HEADER = YES;
				CLANG_WARN_RANGE_LOOP_ANALYSIS = YES;
				CLANG_WARN_STRICT_PROTOTYPES = YES;
				CLANG_WARN_SUSPICIOUS_MOVE = YES;
				CLANG_WARN_UNGUARDED_AVAILABILITY = YES_AGGRESSIVE;
				CLANG_WARN_UNREACHABLE_CODE = YES;
				CLANG_WARN__DUPLICATE_METHOD_MATCH = YES;
				COPY_PHASE_STRIP = NO;
				DEBUG_INFORMATION_FORMAT = dwarf;
				ENABLE_STRICT_OBJC_MSGSEND = YES;
				ENABLE_TESTABILITY = YES;
				GCC_C_LANGUAGE_STANDARD = gnu11;
				GCC_DYNAMIC_NO_PIC = NO;
				GCC_NO_COMMON_BLOCKS = YES;
				GCC_OPTIMIZATION_LEVEL = 0;
				GCC_PREPROCESSOR_DEFINITIONS = (
					"DEBUG=1",
					"$(inherited)",
				);
				GCC_WARN_64_TO_32_BIT_CONVERSION = YES;
				GCC_WARN_ABOUT_RETURN_TYPE = YES_ERROR;
				GCC_WARN_UNDECLARED_SELECTOR = YES;
				GCC_WARN_UNINITIALIZED_AUTOS = YES_AGGRESSIVE;
				GCC_WARN_UNUSED_FUNCTION = YES;
				GCC_WARN_UNUSED_VARIABLE = YES;
				IPHONEOS_DEPLOYMENT_TARGET = 16.4;
				MTL_ENABLE_DEBUG_INFO = INCLUDE_SOURCE;
				MTL_FAST_MATH = YES;
				ONLY_ACTIVE_ARCH = YES;
				SDKROOT = iphoneos;
				SWIFT_ACTIVE_COMPILATION_CONDITIONS = DEBUG;
				SWIFT_OPTIMIZATION_LEVEL = "-Onone";
			};
			name = Debug;
		};
		49A733952AA2168D00467F53 /* Release */ = {
			isa = XCBuildConfiguration;
			buildSettings = {
				ALWAYS_SEARCH_USER_PATHS = NO;
				CLANG_ANALYZER_NONNULL = YES;
				CLANG_ANALYZER_NUMBER_OBJECT_CONVERSION = YES_AGGRESSIVE;
				CLANG_CXX_LANGUAGE_STANDARD = "gnu++20";
				CLANG_ENABLE_MODULES = YES;
				CLANG_ENABLE_OBJC_ARC = YES;
				CLANG_ENABLE_OBJC_WEAK = YES;
				CLANG_WARN_BLOCK_CAPTURE_AUTORELEASING = YES;
				CLANG_WARN_BOOL_CONVERSION = YES;
				CLANG_WARN_COMMA = YES;
				CLANG_WARN_CONSTANT_CONVERSION = YES;
				CLANG_WARN_DEPRECATED_OBJC_IMPLEMENTATIONS = YES;
				CLANG_WARN_DIRECT_OBJC_ISA_USAGE = YES_ERROR;
				CLANG_WARN_DOCUMENTATION_COMMENTS = YES;
				CLANG_WARN_EMPTY_BODY = YES;
				CLANG_WARN_ENUM_CONVERSION = YES;
				CLANG_WARN_INFINITE_RECURSION = YES;
				CLANG_WARN_INT_CONVERSION = YES;
				CLANG_WARN_NON_LITERAL_NULL_CONVERSION = YES;
				CLANG_WARN_OBJC_IMPLICIT_RETAIN_SELF = YES;
				CLANG_WARN_OBJC_LITERAL_CONVERSION = YES;
				CLANG_WARN_OBJC_ROOT_CLASS = YES_ERROR;
				CLANG_WARN_QUOTED_INCLUDE_IN_FRAMEWORK_HEADER = YES;
				CLANG_WARN_RANGE_LOOP_ANALYSIS = YES;
				CLANG_WARN_STRICT_PROTOTYPES = YES;
				CLANG_WARN_SUSPICIOUS_MOVE = YES;
				CLANG_WARN_UNGUARDED_AVAILABILITY = YES_AGGRESSIVE;
				CLANG_WARN_UNREACHABLE_CODE = YES;
				CLANG_WARN__DUPLICATE_METHOD_MATCH = YES;
				COPY_PHASE_STRIP = NO;
				DEBUG_INFORMATION_FORMAT = "dwarf-with-dsym";
				ENABLE_NS_ASSERTIONS = NO;
				ENABLE_STRICT_OBJC_MSGSEND = YES;
				GCC_C_LANGUAGE_STANDARD = gnu11;
				GCC_NO_COMMON_BLOCKS = YES;
				GCC_WARN_64_TO_32_BIT_CONVERSION = YES;
				GCC_WARN_ABOUT_RETURN_TYPE = YES_ERROR;
				GCC_WARN_UNDECLARED_SELECTOR = YES;
				GCC_WARN_UNINITIALIZED_AUTOS = YES_AGGRESSIVE;
				GCC_WARN_UNUSED_FUNCTION = YES;
				GCC_WARN_UNUSED_VARIABLE = YES;
				IPHONEOS_DEPLOYMENT_TARGET = 16.4;
				MTL_ENABLE_DEBUG_INFO = NO;
				MTL_FAST_MATH = YES;
				SDKROOT = iphoneos;
				SWIFT_COMPILATION_MODE = wholemodule;
				SWIFT_OPTIMIZATION_LEVEL = "-O";
				VALIDATE_PRODUCT = YES;
			};
			name = Release;
		};
		49A733972AA2168D00467F53 /* Debug */ = {
			isa = XCBuildConfiguration;
			buildSettings = {
				ASSETCATALOG_COMPILER_APPICON_NAME = AppIcon;
				ASSETCATALOG_COMPILER_GLOBAL_ACCENT_COLOR_NAME = AccentColor;
				CODE_SIGN_STYLE = Automatic;
				CURRENT_PROJECT_VERSION = 1;
				DEVELOPMENT_ASSET_PATHS = "\"WeatherApp/Preview Content\"";
				DEVELOPMENT_TEAM = 6S245CV434;
				ENABLE_PREVIEWS = YES;
				GENERATE_INFOPLIST_FILE = YES;
				INFOPLIST_KEY_UIApplicationSceneManifest_Generation = YES;
				INFOPLIST_KEY_UIApplicationSupportsIndirectInputEvents = YES;
				INFOPLIST_KEY_UILaunchScreen_Generation = YES;
				INFOPLIST_KEY_UISupportedInterfaceOrientations_iPad = "UIInterfaceOrientationPortrait UIInterfaceOrientationPortraitUpsideDown UIInterfaceOrientationLandscapeLeft UIInterfaceOrientationLandscapeRight";
				INFOPLIST_KEY_UISupportedInterfaceOrientations_iPhone = "UIInterfaceOrientationPortrait UIInterfaceOrientationLandscapeLeft UIInterfaceOrientationLandscapeRight";
				IPHONEOS_DEPLOYMENT_TARGET = 15.0;
				LD_RUNPATH_SEARCH_PATHS = (
					"$(inherited)",
					"@executable_path/Frameworks",
				);
				MARKETING_VERSION = 1.0;
				PRODUCT_BUNDLE_IDENTIFIER = manalomanolitomarfil.WeatherApp;
				PRODUCT_NAME = "$(TARGET_NAME)";
				SWIFT_EMIT_LOC_STRINGS = YES;
				SWIFT_VERSION = 5.0;
				TARGETED_DEVICE_FAMILY = "1,2";
			};
			name = Debug;
		};
		49A733982AA2168D00467F53 /* Release */ = {
			isa = XCBuildConfiguration;
			buildSettings = {
				ASSETCATALOG_COMPILER_APPICON_NAME = AppIcon;
				ASSETCATALOG_COMPILER_GLOBAL_ACCENT_COLOR_NAME = AccentColor;
				CODE_SIGN_STYLE = Automatic;
				CURRENT_PROJECT_VERSION = 1;
				DEVELOPMENT_ASSET_PATHS = "\"WeatherApp/Preview Content\"";
				DEVELOPMENT_TEAM = 6S245CV434;
				ENABLE_PREVIEWS = YES;
				GENERATE_INFOPLIST_FILE = YES;
				INFOPLIST_KEY_UIApplicationSceneManifest_Generation = YES;
				INFOPLIST_KEY_UIApplicationSupportsIndirectInputEvents = YES;
				INFOPLIST_KEY_UILaunchScreen_Generation = YES;
				INFOPLIST_KEY_UISupportedInterfaceOrientations_iPad = "UIInterfaceOrientationPortrait UIInterfaceOrientationPortraitUpsideDown UIInterfaceOrientationLandscapeLeft UIInterfaceOrientationLandscapeRight";
				INFOPLIST_KEY_UISupportedInterfaceOrientations_iPhone = "UIInterfaceOrientationPortrait UIInterfaceOrientationLandscapeLeft UIInterfaceOrientationLandscapeRight";
				IPHONEOS_DEPLOYMENT_TARGET = 15.0;
				LD_RUNPATH_SEARCH_PATHS = (
					"$(inherited)",
					"@executable_path/Frameworks",
				);
				MARKETING_VERSION = 1.0;
				PRODUCT_BUNDLE_IDENTIFIER = manalomanolitomarfil.WeatherApp;
				PRODUCT_NAME = "$(TARGET_NAME)";
				SWIFT_EMIT_LOC_STRINGS = YES;
				SWIFT_VERSION = 5.0;
				TARGETED_DEVICE_FAMILY = "1,2";
			};
			name = Release;
		};
/* End XCBuildConfiguration section */

/* Begin XCConfigurationList section */
		49A733832AA2168A00467F53 /* Build configuration list for PBXProject "WeatherApp" */ = {
			isa = XCConfigurationList;
			buildConfigurations = (
				49A733942AA2168D00467F53 /* Debug */,
				49A733952AA2168D00467F53 /* Release */,
			);
			defaultConfigurationIsVisible = 0;
			defaultConfigurationName = Release;
		};
		49A733962AA2168D00467F53 /* Build configuration list for PBXNativeTarget "WeatherApp" */ = {
			isa = XCConfigurationList;
			buildConfigurations = (
				49A733972AA2168D00467F53 /* Debug */,
				49A733982AA2168D00467F53 /* Release */,
			);
			defaultConfigurationIsVisible = 0;
			defaultConfigurationName = Release;
		};
/* End XCConfigurationList section */
	};
	rootObject = 49A733802AA2168A00467F53 /* Project object */;
}
